
Microsoft Visual Studio Solution File, Format Version 12.00
# Visual Studio 2013
VisualStudioVersion = 12.0.21005.1
MinimumVisualStudioVersion = 10.0.40219.1
Project("{FAE04EC0-301F-11D3-BF4B-00C04F79EFBC}") = "RedisHelper", "RedisHelper\RedisHelper.csproj", "{82F2EE0D-9543-471F-8024-560F2D589CF6}"
EndProject
Project("{FAE04EC0-301F-11D3-BF4B-00C04F79EFBC}") = "RedisSingle", "RedisSingle\RedisSingle.csproj", "{1DBEE78B-37AE-4572-AC4E-0FBE14FC25CD}"
EndProject
Project("{FAE04EC0-301F-11D3-BF4B-00C04F79EFBC}") = "RedisReadWrite", "RedisReadWrite\RedisReadWrite.csproj", "{4947BE04-56A0-428E-8517-84B2A74D0B6E}"
EndProject
Project("{FAE04EC0-301F-11D3-BF4B-00C04F79EFBC}") = "RedisMessageQueue", "RedisMessageQueue\RedisMessageQueue.csproj", "{AFE47333-2CD3-456A-B277-B2AC49404A1A}"
EndProject
Global
	GlobalSection(SolutionConfigurationPlatforms) = preSolution
		Debug|Any CPU = Debug|Any CPU
		Release|Any CPU = Release|Any CPU
	EndGlobalSection
	GlobalSection(ProjectConfigurationPlatforms) = postSolution
		{82F2EE0D-9543-471F-8024-560F2D589CF6}.Debug|Any CPU.ActiveCfg = Debug|Any CPU
		{82F2EE0D-9543-471F-8024-560F2D589CF6}.Debug|Any CPU.Build.0 = Debug|Any CPU
		{82F2EE0D-9543-471F-8024-560F2D589CF6}.Release|Any CPU.ActiveCfg = Release|Any CPU
		{82F2EE0D-9543-471F-8024-560F2D589CF6}.Release|Any CPU.Build.0 = Release|Any CPU
		{1DBEE78B-37AE-4572-AC4E-0FBE14FC25CD}.Debug|Any CPU.ActiveCfg = Debug|Any CPU
		{1DBEE78B-37AE-4572-AC4E-0FBE14FC25CD}.Debug|Any CPU.Build.0 = Debug|Any CPU
		{1DBEE78B-37AE-4572-AC4E-0FBE14FC25CD}.Release|Any CPU.ActiveCfg = Release|Any CPU
		{1DBEE78B-37AE-4572-AC4E-0FBE14FC25CD}.Release|Any CPU.Build.0 = Release|Any CPU
		{4947BE04-56A0-428E-8517-84B2A74D0B6E}.Debug|Any CPU.ActiveCfg = Debug|Any CPU
		{4947BE04-56A0-428E-8517-84B2A74D0B6E}.Debug|Any CPU.Build.0 = Debug|Any CPU
		{4947BE04-56A0-428E-8517-84B2A74D0B6E}.Release|Any CPU.ActiveCfg = Release|Any CPU
		{4947BE04-56A0-428E-8517-84B2A74D0B6E}.Release|Any CPU.Build.0 = Release|Any CPU
		{AFE47333-2CD3-456A-B277-B2AC49404A1A}.Debug|Any CPU.ActiveCfg = Debug|Any CPU
		{AFE47333-2CD3-456A-B277-B2AC49404A1A}.Debug|Any CPU.Build.0 = Debug|Any CPU
		{AFE47333-2CD3-456A-B277-B2AC49404A1A}.Release|Any CPU.ActiveCfg = Release|Any CPU
		{AFE47333-2CD3-456A-B277-B2AC49404A1A}.Release|Any CPU.Build.0 = Release|Any CPU
	EndGlobalSection
	GlobalSection(SolutionProperties) = preSolution
		HideSolutionNode = FALSE
	EndGlobalSection
EndGlobal
